
Terraform used the selected providers to generate the following execution
plan. Resource actions are indicated with the following symbols:
  + create

Terraform will perform the following actions:

  # module.main.module.container_app[0].azurerm_container_app.demo_app will be created
  + resource "azurerm_container_app" "demo_app" {
      + container_app_environment_id  = (known after apply)
      + custom_domain_verification_id = (sensitive value)
      + id                            = (known after apply)
      + latest_revision_fqdn          = (known after apply)
      + latest_revision_name          = (known after apply)
      + location                      = (known after apply)
      + name                          = "blend-containerapp-dev-uksouth-1"
      + outbound_ip_addresses         = (known after apply)
      + resource_group_name           = "container_app-dev-uksouth-1"
      + revision_mode                 = "Single"

      + ingress {
          + allow_insecure_connections = false
          + external_enabled           = true
          + fqdn                       = (known after apply)
          + target_port                = 80
          + transport                  = "auto"

          + custom_domain (known after apply)

          + traffic_weight {
              + latest_revision = true
              + percentage      = 100
            }
        }

      + template {
          + max_replicas    = 10
          + min_replicas    = 0
          + revision_suffix = (known after apply)

          + container {
              + cpu               = 0.25
              + ephemeral_storage = (known after apply)
              + image             = "nginx:latest"
              + memory            = "0.5Gi"
              + name              = "nginx"
            }
        }
    }

  # module.main.module.container_app[0].azurerm_container_app_environment.demo_container_app will be created
  + resource "azurerm_container_app_environment" "demo_container_app" {
      + custom_domain_verification_id    = (known after apply)
      + default_domain                   = (known after apply)
      + docker_bridge_cidr               = (known after apply)
      + id                               = (known after apply)
      + internal_load_balancer_enabled   = false
      + location                         = "uksouth"
      + log_analytics_workspace_id       = (known after apply)
      + mutual_tls_enabled               = false
      + name                             = "demo-container-app-dev-uksouth-1"
      + platform_reserved_cidr           = (known after apply)
      + platform_reserved_dns_ip_address = (known after apply)
      + resource_group_name              = "container_app-dev-uksouth-1"
      + static_ip_address                = (known after apply)
      + zone_redundancy_enabled          = false
    }

  # module.main.module.container_app[0].azurerm_log_analytics_workspace.demo will be created
  + resource "azurerm_log_analytics_workspace" "demo" {
      + allow_resource_only_permissions = true
      + daily_quota_gb                  = -1
      + id                              = (known after apply)
      + internet_ingestion_enabled      = true
      + internet_query_enabled          = true
      + local_authentication_disabled   = false
      + location                        = "uksouth"
      + name                            = "demo-workspace-dev-uksouth-1"
      + primary_shared_key              = (sensitive value)
      + resource_group_name             = "container_app-dev-uksouth-1"
      + retention_in_days               = 30
      + secondary_shared_key            = (sensitive value)
      + sku                             = (known after apply)
      + workspace_id                    = (known after apply)
    }

  # module.main.module.container_app[0].azurerm_resource_group.rg-container_app will be created
  + resource "azurerm_resource_group" "rg-container_app" {
      + id       = (known after apply)
      + location = "uksouth"
      + name     = "container_app-dev-uksouth-1"
    }

Plan: 4 to add, 0 to change, 0 to destroy.

─────────────────────────────────────────────────────────────────────────────

Note: You didn't use the -out option to save this plan, so Terraform can't
guarantee to take exactly these actions if you run "terraform apply" now.
